
Microsoft Visual Studio Solution File, Format Version 12.00
Project("{FAE04EC0-301F-11D3-BF4B-00C04F79EFBC}") = "SMS-OTP", "SMS-OTP\SMS-OTP.csproj", "{3510A44C-630B-49F6-A7EC-361E454DDC1E}"
EndProject
Global
	GlobalSection(SolutionConfigurationPlatforms) = preSolution
		Debug|Any CPU = Debug|Any CPU
		Release|Any CPU = Release|Any CPU
	EndGlobalSection
	GlobalSection(ProjectConfigurationPlatforms) = postSolution
		{3510A44C-630B-49F6-A7EC-361E454DDC1E}.Debug|Any CPU.ActiveCfg = Debug|Any CPU
		{3510A44C-630B-49F6-A7EC-361E454DDC1E}.Debug|Any CPU.Build.0 = Debug|Any CPU
		{3510A44C-630B-49F6-A7EC-361E454DDC1E}.Release|Any CPU.ActiveCfg = Release|Any CPU
		{3510A44C-630B-49F6-A7EC-361E454DDC1E}.Release|Any CPU.Build.0 = Release|Any CPU
	EndGlobalSection
EndGlobal
